
Microsoft Visual Studio Solution File, Format Version 12.00
# Visual Studio Version 17
VisualStudioVersion = 17.0.31423.177
MinimumVisualStudioVersion = 10.0.40219.1
Project("{2150E333-8FDC-42A3-9474-1A3956D46DE8}") = "Services", "Services", "{7FE24F38-D325-41C7-B221-C38F34DA756E}"
EndProject
Project("{2150E333-8FDC-42A3-9474-1A3956D46DE8}") = "Catalog", "Catalog", "{DF5B8999-56BD-4BC1-B0B4-C9045A2A2C88}"
EndProject
Project("{9A19103F-16F7-4668-BE54-9A1E7A4F7556}") = "Catalog.API", "Services\Catalog\Catalog.API\Catalog.API.csproj", "{E525C2A9-B299-477C-9964-467F7121ACEE}"
EndProject
Project("{E53339B2-1760-4266-BCC7-CA923CBCF16C}") = "docker-compose", "docker-compose.dcproj", "{48E7009C-D8C8-4EA2-BC93-09D1CBB06ACE}"
EndProject
Project("{2150E333-8FDC-42A3-9474-1A3956D46DE8}") = "Basket", "Basket", "{7CB7D467-178C-4CEE-8D76-58D7E6582D58}"
EndProject
Project("{9A19103F-16F7-4668-BE54-9A1E7A4F7556}") = "Basket.API", "Services\Basket\Basket.API\Basket.API.csproj", "{CF521AD4-3042-4F85-995F-5A1C19BC6E3C}"
EndProject
Project("{2150E333-8FDC-42A3-9474-1A3956D46DE8}") = "Discount", "Discount", "{8F29841A-E486-4C2E-964E-018F0A0F90B7}"
EndProject
Project("{FAE04EC0-301F-11D3-BF4B-00C04F79EFBC}") = "Discount.API", "Services\Discount\Discount.API\Discount.API.csproj", "{ADF36FD1-A0BC-40E6-83CB-D293A6F1B231}"
EndProject
Global
	GlobalSection(SolutionConfigurationPlatforms) = preSolution
		Debug|Any CPU = Debug|Any CPU
		Release|Any CPU = Release|Any CPU
	EndGlobalSection
	GlobalSection(ProjectConfigurationPlatforms) = postSolution
		{E525C2A9-B299-477C-9964-467F7121ACEE}.Debug|Any CPU.ActiveCfg = Debug|Any CPU
		{E525C2A9-B299-477C-9964-467F7121ACEE}.Debug|Any CPU.Build.0 = Debug|Any CPU
		{E525C2A9-B299-477C-9964-467F7121ACEE}.Release|Any CPU.ActiveCfg = Release|Any CPU
		{E525C2A9-B299-477C-9964-467F7121ACEE}.Release|Any CPU.Build.0 = Release|Any CPU
		{48E7009C-D8C8-4EA2-BC93-09D1CBB06ACE}.Debug|Any CPU.ActiveCfg = Debug|Any CPU
		{48E7009C-D8C8-4EA2-BC93-09D1CBB06ACE}.Debug|Any CPU.Build.0 = Debug|Any CPU
		{48E7009C-D8C8-4EA2-BC93-09D1CBB06ACE}.Release|Any CPU.ActiveCfg = Release|Any CPU
		{48E7009C-D8C8-4EA2-BC93-09D1CBB06ACE}.Release|Any CPU.Build.0 = Release|Any CPU
		{CF521AD4-3042-4F85-995F-5A1C19BC6E3C}.Debug|Any CPU.ActiveCfg = Debug|Any CPU
		{CF521AD4-3042-4F85-995F-5A1C19BC6E3C}.Debug|Any CPU.Build.0 = Debug|Any CPU
		{CF521AD4-3042-4F85-995F-5A1C19BC6E3C}.Release|Any CPU.ActiveCfg = Release|Any CPU
		{CF521AD4-3042-4F85-995F-5A1C19BC6E3C}.Release|Any CPU.Build.0 = Release|Any CPU
		{ADF36FD1-A0BC-40E6-83CB-D293A6F1B231}.Debug|Any CPU.ActiveCfg = Debug|Any CPU
		{ADF36FD1-A0BC-40E6-83CB-D293A6F1B231}.Debug|Any CPU.Build.0 = Debug|Any CPU
		{ADF36FD1-A0BC-40E6-83CB-D293A6F1B231}.Release|Any CPU.ActiveCfg = Release|Any CPU
		{ADF36FD1-A0BC-40E6-83CB-D293A6F1B231}.Release|Any CPU.Build.0 = Release|Any CPU
	EndGlobalSection
	GlobalSection(SolutionProperties) = preSolution
		HideSolutionNode = FALSE
	EndGlobalSection
	GlobalSection(NestedProjects) = preSolution
		{DF5B8999-56BD-4BC1-B0B4-C9045A2A2C88} = {7FE24F38-D325-41C7-B221-C38F34DA756E}
		{E525C2A9-B299-477C-9964-467F7121ACEE} = {DF5B8999-56BD-4BC1-B0B4-C9045A2A2C88}
		{7CB7D467-178C-4CEE-8D76-58D7E6582D58} = {7FE24F38-D325-41C7-B221-C38F34DA756E}
		{CF521AD4-3042-4F85-995F-5A1C19BC6E3C} = {7CB7D467-178C-4CEE-8D76-58D7E6582D58}
		{8F29841A-E486-4C2E-964E-018F0A0F90B7} = {7FE24F38-D325-41C7-B221-C38F34DA756E}
		{ADF36FD1-A0BC-40E6-83CB-D293A6F1B231} = {8F29841A-E486-4C2E-964E-018F0A0F90B7}
	EndGlobalSection
	GlobalSection(ExtensibilityGlobals) = postSolution
		SolutionGuid = {5BCB9C86-3EB1-47B3-88EF-4991B6341371}
	EndGlobalSection
EndGlobal
